
Microsoft Visual Studio Solution File, Format Version 12.00
# Visual Studio Version 17
VisualStudioVersion = 17.5.002.0
MinimumVisualStudioVersion = 10.0.40219.1
Project("{9A19103F-16F7-4668-BE54-9A1E7A4F7556}") = "Bank", "Bank.csproj", "{B04B2FAB-F571-4B0E-8BE3-BF0E80573928}"
EndProject
Global
	GlobalSection(SolutionConfigurationPlatforms) = preSolution
		Debug|Any CPU = Debug|Any CPU
		Release|Any CPU = Release|Any CPU
	EndGlobalSection
	GlobalSection(ProjectConfigurationPlatforms) = postSolution
		{B04B2FAB-F571-4B0E-8BE3-BF0E80573928}.Debug|Any CPU.ActiveCfg = Debug|Any CPU
		{B04B2FAB-F571-4B0E-8BE3-BF0E80573928}.Debug|Any CPU.Build.0 = Debug|Any CPU
		{B04B2FAB-F571-4B0E-8BE3-BF0E80573928}.Release|Any CPU.ActiveCfg = Release|Any CPU
		{B04B2FAB-F571-4B0E-8BE3-BF0E80573928}.Release|Any CPU.Build.0 = Release|Any CPU
	EndGlobalSection
	GlobalSection(SolutionProperties) = preSolution
		HideSolutionNode = FALSE
	EndGlobalSection
	GlobalSection(ExtensibilityGlobals) = postSolution
		SolutionGuid = {C8D4DB21-6E4D-4B1B-80CC-205E166E11C9}
	EndGlobalSection
EndGlobal
