
Microsoft Visual Studio Solution File, Format Version 12.00
# Visual Studio Version 17
VisualStudioVersion = 17.5.002.0
MinimumVisualStudioVersion = 10.0.40219.1
Project("{9A19103F-16F7-4668-BE54-9A1E7A4F7556}") = "ListaDeExe1 - TI224", "ListaDeExe1 - TI224.csproj", "{5C3935AC-E317-4238-9732-752707C129B4}"
EndProject
Global
	GlobalSection(SolutionConfigurationPlatforms) = preSolution
		Debug|Any CPU = Debug|Any CPU
		Release|Any CPU = Release|Any CPU
	EndGlobalSection
	GlobalSection(ProjectConfigurationPlatforms) = postSolution
		{5C3935AC-E317-4238-9732-752707C129B4}.Debug|Any CPU.ActiveCfg = Debug|Any CPU
		{5C3935AC-E317-4238-9732-752707C129B4}.Debug|Any CPU.Build.0 = Debug|Any CPU
		{5C3935AC-E317-4238-9732-752707C129B4}.Release|Any CPU.ActiveCfg = Release|Any CPU
		{5C3935AC-E317-4238-9732-752707C129B4}.Release|Any CPU.Build.0 = Release|Any CPU
	EndGlobalSection
	GlobalSection(SolutionProperties) = preSolution
		HideSolutionNode = FALSE
	EndGlobalSection
	GlobalSection(ExtensibilityGlobals) = postSolution
		SolutionGuid = {3A2FE42F-6DDA-4C6C-8F32-E4275A358D84}
	EndGlobalSection
EndGlobal
